
Microsoft Visual Studio Solution File, Format Version 12.00
# Visual Studio Version 17
VisualStudioVersion = 17.10.34607.79
MinimumVisualStudioVersion = 10.0.40219.1
Project("{9A19103F-16F7-4668-BE54-9A1E7A4F7556}") = "dotnet9-openapi-scalar", "src\dotnet9-openapi-scalar.csproj", "{56251769-BAE9-4D41-A0CE-7530F6C5C1DC}"
EndProject
Project("{FAE04EC0-301F-11D3-BF4B-00C04F79EFBC}") = "dotnet9-openapi-scalar-test", "test\dotnet9-openapi-scalar-test\dotnet9-openapi-scalar-test.csproj", "{07E0F5FD-5DC5-41CC-8C57-367593DC04BB}"
EndProject
Global
	GlobalSection(SolutionConfigurationPlatforms) = preSolution
		Debug|Any CPU = Debug|Any CPU
		Release|Any CPU = Release|Any CPU
	EndGlobalSection
	GlobalSection(ProjectConfigurationPlatforms) = postSolution
		{56251769-BAE9-4D41-A0CE-7530F6C5C1DC}.Debug|Any CPU.ActiveCfg = Debug|Any CPU
		{56251769-BAE9-4D41-A0CE-7530F6C5C1DC}.Debug|Any CPU.Build.0 = Debug|Any CPU
		{56251769-BAE9-4D41-A0CE-7530F6C5C1DC}.Release|Any CPU.ActiveCfg = Release|Any CPU
		{56251769-BAE9-4D41-A0CE-7530F6C5C1DC}.Release|Any CPU.Build.0 = Release|Any CPU
		{07E0F5FD-5DC5-41CC-8C57-367593DC04BB}.Debug|Any CPU.ActiveCfg = Debug|Any CPU
		{07E0F5FD-5DC5-41CC-8C57-367593DC04BB}.Debug|Any CPU.Build.0 = Debug|Any CPU
		{07E0F5FD-5DC5-41CC-8C57-367593DC04BB}.Release|Any CPU.ActiveCfg = Release|Any CPU
		{07E0F5FD-5DC5-41CC-8C57-367593DC04BB}.Release|Any CPU.Build.0 = Release|Any CPU
	EndGlobalSection
	GlobalSection(SolutionProperties) = preSolution
		HideSolutionNode = FALSE
	EndGlobalSection
	GlobalSection(ExtensibilityGlobals) = postSolution
		SolutionGuid = {AD85BC22-9022-459B-835B-6D90E04022F5}
	EndGlobalSection
EndGlobal
